// !$*UTF8*$!
{
	archiveVersion = 1;
	classes = {
	};
	objectVersion = 46;
	objects = {

/* Begin PBXBuildFile section */
		7B11AFDE1968F09700CCDE2B /* ViolationDirectionWheel.m in Sources */ = {isa = PBXBuildFile; fileRef = 7B11AFDD1968F09700CCDE2B /* ViolationDirectionWheel.m */; };
		7B5F1CC51968A96B002F512E /* main.m in Sources */ = {isa = PBXBuildFile; fileRef = 7B5F1CC41968A96B002F512E /* main.m */; };
		7B5F1CC81968A96B002F512E /* ViolationAppDelegate.m in Sources */ = {isa = PBXBuildFile; fileRef = 7B5F1CC71968A96B002F512E /* ViolationAppDelegate.m */; };
		7B5F1CCB1968A96B002F512E /* ViolationGestureViewController.m in Sources */ = {isa = PBXBuildFile; fileRef = 7B5F1CCA1968A96B002F512E /* ViolationGestureViewController.m */; };
		7B5F1CCE1968A96B002F512E /* ViolationControlViewController.m in Sources */ = {isa = PBXBuildFile; fileRef = 7B5F1CCD1968A96B002F512E /* ViolationControlViewController.m */; };
		7B5F1CD11968A96B002F512E /* Main.storyboard in Resources */ = {isa = PBXBuildFile; fileRef = 7B5F1CCF1968A96B002F512E /* Main.storyboard */; };
		7B5F1CD31968A96B002F512E /* Images.xcassets in Resources */ = {isa = PBXBuildFile; fileRef = 7B5F1CD21968A96B002F512E /* Images.xcassets */; };
		7B5F1CDF1968A96B002F512E /* ViolationDemo_ObjCTests.m in Sources */ = {isa = PBXBuildFile; fileRef = 7B5F1CDE1968A96B002F512E /* ViolationDemo_ObjCTests.m */; };
		7B5F1CEC1968A98F002F512E /* ViolationDirectedPressGestureRecognizer.m in Sources */ = {isa = PBXBuildFile; fileRef = 7B5F1CEA1968A98F002F512E /* ViolationDirectedPressGestureRecognizer.m */; };
/* End PBXBuildFile section */

/* Begin PBXContainerItemProxy section */
		7B5F1CD91968A96B002F512E /* PBXContainerItemProxy */ = {
			isa = PBXContainerItemProxy;
			containerPortal = 7B5F1CB71968A96B002F512E /* Project object */;
			proxyType = 1;
			remoteGlobalIDString = 7B5F1CBE1968A96B002F512E;
			remoteInfo = "ViolationDemo-ObjC";
		};
/* End PBXContainerItemProxy section */

/* Begin PBXFileReference section */
		7B11AFD51968C4F300CCDE2B /* ViolationDemo-ObjC-Bridging-Header.h */ = {isa = PBXFileReference; lastKnownFileType = sourcecode.c.h; path = "ViolationDemo-ObjC-Bridging-Header.h"; sourceTree = "<group>"; };
		7B11AFDC1968F09700CCDE2B /* ViolationDirectionWheel.h */ = {isa = PBXFileReference; fileEncoding = 4; lastKnownFileType = sourcecode.c.h; path = ViolationDirectionWheel.h; sourceTree = "<group>"; };
		7B11AFDD1968F09700CCDE2B /* ViolationDirectionWheel.m */ = {isa = PBXFileReference; fileEncoding = 4; lastKnownFileType = sourcecode.c.objc; path = ViolationDirectionWheel.m; sourceTree = "<group>"; };
		7B5F1CBF1968A96B002F512E /* ViolationDemo-ObjC.app */ = {isa = PBXFileReference; explicitFileType = wrapper.application; includeInIndex = 0; path = "ViolationDemo-ObjC.app"; sourceTree = BUILT_PRODUCTS_DIR; };
		7B5F1CC31968A96B002F512E /* Info.plist */ = {isa = PBXFileReference; lastKnownFileType = text.plist.xml; path = Info.plist; sourceTree = "<group>"; };
		7B5F1CC41968A96B002F512E /* main.m */ = {isa = PBXFileReference; lastKnownFileType = sourcecode.c.objc; path = main.m; sourceTree = "<group>"; };
		7B5F1CC61968A96B002F512E /* ViolationAppDelegate.h */ = {isa = PBXFileReference; lastKnownFileType = sourcecode.c.h; path = ViolationAppDelegate.h; sourceTree = "<group>"; };
		7B5F1CC71968A96B002F512E /* ViolationAppDelegate.m */ = {isa = PBXFileReference; lastKnownFileType = sourcecode.c.objc; path = ViolationAppDelegate.m; sourceTree = "<group>"; };
		7B5F1CC91968A96B002F512E /* ViolationGestureViewController.h */ = {isa = PBXFileReference; lastKnownFileType = sourcecode.c.h; path = ViolationGestureViewController.h; sourceTree = "<group>"; };
		7B5F1CCA1968A96B002F512E /* ViolationGestureViewController.m */ = {isa = PBXFileReference; lastKnownFileType = sourcecode.c.objc; path = ViolationGestureViewController.m; sourceTree = "<group>"; };
		7B5F1CCC1968A96B002F512E /* ViolationControlViewController.h */ = {isa = PBXFileReference; lastKnownFileType = sourcecode.c.h; path = ViolationControlViewController.h; sourceTree = "<group>"; };
		7B5F1CCD1968A96B002F512E /* ViolationControlViewController.m */ = {isa = PBXFileReference; lastKnownFileType = sourcecode.c.objc; path = ViolationControlViewController.m; sourceTree = "<group>"; };
		7B5F1CD01968A96B002F512E /* Base */ = {isa = PBXFileReference; lastKnownFileType = file.storyboard; name = Base; path = Base.lproj/Main.storyboard; sourceTree = "<group>"; };
		7B5F1CD21968A96B002F512E /* Images.xcassets */ = {isa = PBXFileReference; lastKnownFileType = folder.assetcatalog; name = Images.xcassets; path = ../../Images.xcassets; sourceTree = "<group>"; };
		7B5F1CD81968A96B002F512E /* ViolationDemo-ObjCTests.xctest */ = {isa = PBXFileReference; explicitFileType = wrapper.cfbundle; includeInIndex = 0; path = "ViolationDemo-ObjCTests.xctest"; sourceTree = BUILT_PRODUCTS_DIR; };
		7B5F1CDD1968A96B002F512E /* Info.plist */ = {isa = PBXFileReference; lastKnownFileType = text.plist.xml; path = Info.plist; sourceTree = "<group>"; };
		7B5F1CDE1968A96B002F512E /* ViolationDemo_ObjCTests.m */ = {isa = PBXFileReference; lastKnownFileType = sourcecode.c.objc; path = ViolationDemo_ObjCTests.m; sourceTree = "<group>"; };
		7B5F1CE91968A98F002F512E /* ViolationDirectedPressGestureRecognizer.h */ = {isa = PBXFileReference; fileEncoding = 4; lastKnownFileType = sourcecode.c.h; name = ViolationDirectedPressGestureRecognizer.h; path = ../ViolationDirectedPressGestureRecognizer.h; sourceTree = "<group>"; };
		7B5F1CEA1968A98F002F512E /* ViolationDirectedPressGestureRecognizer.m */ = {isa = PBXFileReference; fileEncoding = 4; lastKnownFileType = sourcecode.c.objc; name = ViolationDirectedPressGestureRecognizer.m; path = ../ViolationDirectedPressGestureRecognizer.m; sourceTree = "<group>"; };
/* End PBXFileReference section */

/* Begin PBXFrameworksBuildPhase section */
		7B5F1CBC1968A96B002F512E /* Frameworks */ = {
			isa = PBXFrameworksBuildPhase;
			buildActionMask = 2147483647;
			files = (
			);
			runOnlyForDeploymentPostprocessing = 0;
		};
		7B5F1CD51968A96B002F512E /* Frameworks */ = {
			isa = PBXFrameworksBuildPhase;
			buildActionMask = 2147483647;
			files = (
			);
			runOnlyForDeploymentPostprocessing = 0;
		};
/* End PBXFrameworksBuildPhase section */

/* Begin PBXGroup section */
		7B5F1CB61968A96B002F512E = {
			isa = PBXGroup;
			children = (
				7B5F1CE81968A979002F512E /* Violation */,
				7B5F1CC11968A96B002F512E /* ViolationDemo-ObjC */,
				7B5F1CDB1968A96B002F512E /* ViolationDemo-ObjCTests */,
				7B5F1CC01968A96B002F512E /* Products */,
			);
			sourceTree = "<group>";
		};
		7B5F1CC01968A96B002F512E /* Products */ = {
			isa = PBXGroup;
			children = (
				7B5F1CBF1968A96B002F512E /* ViolationDemo-ObjC.app */,
				7B5F1CD81968A96B002F512E /* ViolationDemo-ObjCTests.xctest */,
			);
			name = Products;
			sourceTree = "<group>";
		};
		7B5F1CC11968A96B002F512E /* ViolationDemo-ObjC */ = {
			isa = PBXGroup;
			children = (
				7B5F1CC61968A96B002F512E /* ViolationAppDelegate.h */,
				7B5F1CC71968A96B002F512E /* ViolationAppDelegate.m */,
				7B5F1CC91968A96B002F512E /* ViolationGestureViewController.h */,
				7B5F1CCA1968A96B002F512E /* ViolationGestureViewController.m */,
				7B5F1CCC1968A96B002F512E /* ViolationControlViewController.h */,
				7B5F1CCD1968A96B002F512E /* ViolationControlViewController.m */,
				7B5F1CCF1968A96B002F512E /* Main.storyboard */,
				7B5F1CD21968A96B002F512E /* Images.xcassets */,
				7B5F1CC21968A96B002F512E /* Supporting Files */,
			);
			path = "ViolationDemo-ObjC";
			sourceTree = "<group>";
		};
		7B5F1CC21968A96B002F512E /* Supporting Files */ = {
			isa = PBXGroup;
			children = (
				7B5F1CC31968A96B002F512E /* Info.plist */,
				7B5F1CC41968A96B002F512E /* main.m */,
				7B11AFD51968C4F300CCDE2B /* ViolationDemo-ObjC-Bridging-Header.h */,
			);
			name = "Supporting Files";
			sourceTree = "<group>";
		};
		7B5F1CDB1968A96B002F512E /* ViolationDemo-ObjCTests */ = {
			isa = PBXGroup;
			children = (
				7B5F1CDE1968A96B002F512E /* ViolationDemo_ObjCTests.m */,
				7B5F1CDC1968A96B002F512E /* Supporting Files */,
			);
			path = "ViolationDemo-ObjCTests";
			sourceTree = "<group>";
		};
		7B5F1CDC1968A96B002F512E /* Supporting Files */ = {
			isa = PBXGroup;
			children = (
				7B5F1CDD1968A96B002F512E /* Info.plist */,
			);
			name = "Supporting Files";
			sourceTree = "<group>";
		};
		7B5F1CE81968A979002F512E /* Violation */ = {
			isa = PBXGroup;
			children = (
				7B5F1CE91968A98F002F512E /* ViolationDirectedPressGestureRecognizer.h */,
				7B5F1CEA1968A98F002F512E /* ViolationDirectedPressGestureRecognizer.m */,
				7B11AFDC1968F09700CCDE2B /* ViolationDirectionWheel.h */,
				7B11AFDD1968F09700CCDE2B /* ViolationDirectionWheel.m */,
			);
			name = Violation;
			sourceTree = "<group>";
		};
/* End PBXGroup section */

/* Begin PBXNativeTarget section */
		7B5F1CBE1968A96B002F512E /* ViolationDemo-ObjC */ = {
			isa = PBXNativeTarget;
			buildConfigurationList = 7B5F1CE21968A96B002F512E /* Build configuration list for PBXNativeTarget "ViolationDemo-ObjC" */;
			buildPhases = (
				7B5F1CBB1968A96B002F512E /* Sources */,
				7B5F1CBC1968A96B002F512E /* Frameworks */,
				7B5F1CBD1968A96B002F512E /* Resources */,
			);
			buildRules = (
			);
			dependencies = (
			);
			name = "ViolationDemo-ObjC";
			productName = "ViolationDemo-ObjC";
			productReference = 7B5F1CBF1968A96B002F512E /* ViolationDemo-ObjC.app */;
			productType = "com.apple.product-type.application";
		};
		7B5F1CD71968A96B002F512E /* ViolationDemo-ObjCTests */ = {
			isa = PBXNativeTarget;
			buildConfigurationList = 7B5F1CE51968A96B002F512E /* Build configuration list for PBXNativeTarget "ViolationDemo-ObjCTests" */;
			buildPhases = (
				7B5F1CD41968A96B002F512E /* Sources */,
				7B5F1CD51968A96B002F512E /* Frameworks */,
				7B5F1CD61968A96B002F512E /* Resources */,
			);
			buildRules = (
			);
			dependencies = (
				7B5F1CDA1968A96B002F512E /* PBXTargetDependency */,
			);
			name = "ViolationDemo-ObjCTests";
			productName = "ViolationDemo-ObjCTests";
			productReference = 7B5F1CD81968A96B002F512E /* ViolationDemo-ObjCTests.xctest */;
			productType = "com.apple.product-type.bundle.unit-test";
		};
/* End PBXNativeTarget section */

/* Begin PBXProject section */
		7B5F1CB71968A96B002F512E /* Project object */ = {
			isa = PBXProject;
			attributes = {
				CLASSPREFIX = Violation;
				LastUpgradeCheck = 0600;
				ORGANIZATIONNAME = "Violation Technology";
				TargetAttributes = {
					7B5F1CBE1968A96B002F512E = {
						CreatedOnToolsVersion = 6.0;
					};
					7B5F1CD71968A96B002F512E = {
						CreatedOnToolsVersion = 6.0;
						TestTargetID = 7B5F1CBE1968A96B002F512E;
					};
				};
			};
			buildConfigurationList = 7B5F1CBA1968A96B002F512E /* Build configuration list for PBXProject "ViolationDemo-ObjC" */;
			compatibilityVersion = "Xcode 3.2";
			developmentRegion = English;
			hasScannedForEncodings = 0;
			knownRegions = (
				en,
				Base,
			);
			mainGroup = 7B5F1CB61968A96B002F512E;
			productRefGroup = 7B5F1CC01968A96B002F512E /* Products */;
			projectDirPath = "";
			projectRoot = "";
			targets = (
				7B5F1CBE1968A96B002F512E /* ViolationDemo-ObjC */,
				7B5F1CD71968A96B002F512E /* ViolationDemo-ObjCTests */,
			);
		};
/* End PBXProject section */

/* Begin PBXResourcesBuildPhase section */
		7B5F1CBD1968A96B002F512E /* Resources */ = {
			isa = PBXResourcesBuildPhase;
			buildActionMask = 2147483647;
			files = (
				7B5F1CD11968A96B002F512E /* Main.storyboard in Resources */,
				7B5F1CD31968A96B002F512E /* Images.xcassets in Resources */,
			);
			runOnlyForDeploymentPostprocessing = 0;
		};
		7B5F1CD61968A96B002F512E /* Resources */ = {
			isa = PBXResourcesBuildPhase;
			buildActionMask = 2147483647;
			files = (
			);
			runOnlyForDeploymentPostprocessing = 0;
		};
/* End PBXResourcesBuildPhase section */

/* Begin PBXSourcesBuildPhase section */
		7B5F1CBB1968A96B002F512E /* Sources */ = {
			isa = PBXSourcesBuildPhase;
			buildActionMask = 2147483647;
			files = (
				7B5F1CCE1968A96B002F512E /* ViolationControlViewController.m in Sources */,
				7B5F1CC81968A96B002F512E /* ViolationAppDelegate.m in Sources */,
				7B5F1CCB1968A96B002F512E /* ViolationGestureViewController.m in Sources */,
				7B11AFDE1968F09700CCDE2B /* ViolationDirectionWheel.m in Sources */,
				7B5F1CEC1968A98F002F512E /* ViolationDirectedPressGestureRecognizer.m in Sources */,
				7B5F1CC51968A96B002F512E /* main.m in Sources */,
			);
			runOnlyForDeploymentPostprocessing = 0;
		};
		7B5F1CD41968A96B002F512E /* Sources */ = {
			isa = PBXSourcesBuildPhase;
			buildActionMask = 2147483647;
			files = (
				7B5F1CDF1968A96B002F512E /* ViolationDemo_ObjCTests.m in Sources */,
			);
			runOnlyForDeploymentPostprocessing = 0;
		};
/* End PBXSourcesBuildPhase section */

/* Begin PBXTargetDependency section */
		7B5F1CDA1968A96B002F512E /* PBXTargetDependency */ = {
			isa = PBXTargetDependency;
			target = 7B5F1CBE1968A96B002F512E /* ViolationDemo-ObjC */;
			targetProxy = 7B5F1CD91968A96B002F512E /* PBXContainerItemProxy */;
		};
/* End PBXTargetDependency section */

/* Begin PBXVariantGroup section */
		7B5F1CCF1968A96B002F512E /* Main.storyboard */ = {
			isa = PBXVariantGroup;
			children = (
				7B5F1CD01968A96B002F512E /* Base */,
			);
			name = Main.storyboard;
			sourceTree = "<group>";
		};
/* End PBXVariantGroup section */

/* Begin XCBuildConfiguration section */
		7B5F1CE01968A96B002F512E /* Debug */ = {
			isa = XCBuildConfiguration;
			buildSettings = {
				ALWAYS_SEARCH_USER_PATHS = NO;
				CLANG_CXX_LANGUAGE_STANDARD = "gnu++0x";
				CLANG_CXX_LIBRARY = "libc++";
				CLANG_ENABLE_MODULES = YES;
				CLANG_ENABLE_OBJC_ARC = YES;
				CLANG_WARN_BOOL_CONVERSION = YES;
				CLANG_WARN_CONSTANT_CONVERSION = YES;
				CLANG_WARN_DIRECT_OBJC_ISA_USAGE = YES_ERROR;
				CLANG_WARN_EMPTY_BODY = YES;
				CLANG_WARN_ENUM_CONVERSION = YES;
				CLANG_WARN_INT_CONVERSION = YES;
				CLANG_WARN_OBJC_ROOT_CLASS = YES_ERROR;
				CLANG_WARN_UNREACHABLE_CODE = YES;
				CLANG_WARN__DUPLICATE_METHOD_MATCH = YES;
				"CODE_SIGN_IDENTITY[sdk=iphoneos*]" = "iPhone Developer";
				COPY_PHASE_STRIP = NO;
				ENABLE_STRICT_OBJC_MSGSEND = YES;
				GCC_C_LANGUAGE_STANDARD = gnu99;
				GCC_DYNAMIC_NO_PIC = NO;
				GCC_OPTIMIZATION_LEVEL = 0;
				GCC_PREPROCESSOR_DEFINITIONS = (
					"DEBUG=1",
					"$(inherited)",
				);
				GCC_SYMBOLS_PRIVATE_EXTERN = NO;
				GCC_WARN_64_TO_32_BIT_CONVERSION = YES;
				GCC_WARN_ABOUT_RETURN_TYPE = YES_ERROR;
				GCC_WARN_UNDECLARED_SELECTOR = YES;
				GCC_WARN_UNINITIALIZED_AUTOS = YES_AGGRESSIVE;
				GCC_WARN_UNUSED_FUNCTION = YES;
				GCC_WARN_UNUSED_VARIABLE = YES;
				IPHONEOS_DEPLOYMENT_TARGET = 6.0;
				METAL_ENABLE_DEBUG_INFO = YES;
				ONLY_ACTIVE_ARCH = YES;
				SDKROOT = iphoneos;
				SWIFT_OBJC_BRIDGING_HEADER = "ViolationDemo-ObjC/ViolationDemo-ObjC-Bridging-Header.h";
			};
			name = Debug;
		};
		7B5F1CE11968A96B002F512E /* Release */ = {
			isa = XCBuildConfiguration;
			buildSettings = {
				ALWAYS_SEARCH_USER_PATHS = NO;
				CLANG_CXX_LANGUAGE_STANDARD = "gnu++0x";
				CLANG_CXX_LIBRARY = "libc++";
				CLANG_ENABLE_MODULES = YES;
				CLANG_ENABLE_OBJC_ARC = YES;
				CLANG_WARN_BOOL_CONVERSION = YES;
				CLANG_WARN_CONSTANT_CONVERSION = YES;
				CLANG_WARN_DIRECT_OBJC_ISA_USAGE = YES_ERROR;
				CLANG_WARN_EMPTY_BODY = YES;
				CLANG_WARN_ENUM_CONVERSION = YES;
				CLANG_WARN_INT_CONVERSION = YES;
				CLANG_WARN_OBJC_ROOT_CLASS = YES_ERROR;
				CLANG_WARN_UNREACHABLE_CODE = YES;
				CLANG_WARN__DUPLICATE_METHOD_MATCH = YES;
				"CODE_SIGN_IDENTITY[sdk=iphoneos*]" = "iPhone Developer";
				COPY_PHASE_STRIP = YES;
				ENABLE_NS_ASSERTIONS = NO;
				ENABLE_STRICT_OBJC_MSGSEND = YES;
				GCC_C_LANGUAGE_STANDARD = gnu99;
				GCC_WARN_64_TO_32_BIT_CONVERSION = YES;
				GCC_WARN_ABOUT_RETURN_TYPE = YES_ERROR;
				GCC_WARN_UNDECLARED_SELECTOR = YES;
				GCC_WARN_UNINITIALIZED_AUTOS = YES_AGGRESSIVE;
				GCC_WARN_UNUSED_FUNCTION = YES;
				GCC_WARN_UNUSED_VARIABLE = YES;
				IPHONEOS_DEPLOYMENT_TARGET = 6.0;
				METAL_ENABLE_DEBUG_INFO = NO;
				SDKROOT = iphoneos;
				SWIFT_OBJC_BRIDGING_HEADER = "ViolationDemo-ObjC/ViolationDemo-ObjC-Bridging-Header.h";
				VALIDATE_PRODUCT = YES;
			};
			name = Release;
		};
		7B5F1CE31968A96B002F512E /* Debug */ = {
			isa = XCBuildConfiguration;
			buildSettings = {
				ASSETCATALOG_COMPILER_APPICON_NAME = AppIcon;
				ASSETCATALOG_COMPILER_LAUNCHIMAGE_NAME = LaunchImage;
				INFOPLIST_FILE = "ViolationDemo-ObjC/Info.plist";
				LD_RUNPATH_SEARCH_PATHS = "$(inherited) @executable_path/Frameworks";
				PRODUCT_NAME = "$(TARGET_NAME)";
			};
			name = Debug;
		};
		7B5F1CE41968A96B002F512E /* Release */ = {
			isa = XCBuildConfiguration;
			buildSettings = {
				ASSETCATALOG_COMPILER_APPICON_NAME = AppIcon;
				ASSETCATALOG_COMPILER_LAUNCHIMAGE_NAME = LaunchImage;
				INFOPLIST_FILE = "ViolationDemo-ObjC/Info.plist";
				LD_RUNPATH_SEARCH_PATHS = "$(inherited) @executable_path/Frameworks";
				PRODUCT_NAME = "$(TARGET_NAME)";
			};
			name = Release;
		};
		7B5F1CE61968A96B002F512E /* Debug */ = {
			isa = XCBuildConfiguration;
			buildSettings = {
				BUNDLE_LOADER = "$(BUILT_PRODUCTS_DIR)/ViolationDemo-ObjC.app/ViolationDemo-ObjC";
				FRAMEWORK_SEARCH_PATHS = (
					"$(SDKROOT)/Developer/Library/Frameworks",
					"$(inherited)",
				);
				GCC_PREPROCESSOR_DEFINITIONS = (
					"DEBUG=1",
					"$(inherited)",
				);
				INFOPLIST_FILE = "ViolationDemo-ObjCTests/Info.plist";
				LD_RUNPATH_SEARCH_PATHS = "$(inherited) @executable_path/Frameworks @loader_path/Frameworks";
				METAL_ENABLE_DEBUG_INFO = YES;
				PRODUCT_NAME = "$(TARGET_NAME)";
				TEST_HOST = "$(BUNDLE_LOADER)";
			};
			name = Debug;
		};
		7B5F1CE71968A96B002F512E /* Release */ = {
			isa = XCBuildConfiguration;
			buildSettings = {
				BUNDLE_LOADER = "$(BUILT_PRODUCTS_DIR)/ViolationDemo-ObjC.app/ViolationDemo-ObjC";
				FRAMEWORK_SEARCH_PATHS = (
					"$(SDKROOT)/Developer/Library/Frameworks",
					"$(inherited)",
				);
				INFOPLIST_FILE = "ViolationDemo-ObjCTests/Info.plist";
				LD_RUNPATH_SEARCH_PATHS = "$(inherited) @executable_path/Frameworks @loader_path/Frameworks";
				METAL_ENABLE_DEBUG_INFO = NO;
				PRODUCT_NAME = "$(TARGET_NAME)";
				TEST_HOST = "$(BUNDLE_LOADER)";
			};
			name = Release;
		};
/* End XCBuildConfiguration section */

/* Begin XCConfigurationList section */
		7B5F1CBA1968A96B002F512E /* Build configuration list for PBXProject "ViolationDemo-ObjC" */ = {
			isa = XCConfigurationList;
			buildConfigurations = (
				7B5F1CE01968A96B002F512E /* Debug */,
				7B5F1CE11968A96B002F512E /* Release */,
			);
			defaultConfigurationIsVisible = 0;
			defaultConfigurationName = Release;
		};
		7B5F1CE21968A96B002F512E /* Build configuration list for PBXNativeTarget "ViolationDemo-ObjC" */ = {
			isa = XCConfigurationList;
			buildConfigurations = (
				7B5F1CE31968A96B002F512E /* Debug */,
				7B5F1CE41968A96B002F512E /* Release */,
			);
			defaultConfigurationIsVisible = 0;
			defaultConfigurationName = Release;
		};
		7B5F1CE51968A96B002F512E /* Build configuration list for PBXNativeTarget "ViolationDemo-ObjCTests" */ = {
			isa = XCConfigurationList;
			buildConfigurations = (
				7B5F1CE61968A96B002F512E /* Debug */,
				7B5F1CE71968A96B002F512E /* Release */,
			);
			defaultConfigurationIsVisible = 0;
			defaultConfigurationName = Release;
		};
/* End XCConfigurationList section */
	};
	rootObject = 7B5F1CB71968A96B002F512E /* Project object */;
}
